{
  "version": "3",
  "packages": {
    "specifiers": {
      "jsr:@std/testing": "jsr:@std/testing@1.0.1",
      "npm:@types/node": "npm:@types/node@18.16.19",
      "npm:chai@5": "npm:chai@5.1.1",
      "npm:citeproc@2": "npm:citeproc@2.4.63"
    },
    "jsr": {
      "@std/testing@1.0.1": {
        "integrity": "9c25841137ee818933e1722091bb9ed5fdc251c35e84c97979a52196bdb6c5c3"
      }
    },
    "npm": {
      "@types/node@18.16.19": {
        "integrity": "sha512-IXl7o+R9iti9eBW4Wg2hx1xQDig183jj7YLn8F7udNceyfkbn1ZxmzZXuak20gR40D7pIkIY1kYGx5VIGbaHKA==",
        "dependencies": {}
      },
      "assertion-error@2.0.1": {
        "integrity": "sha512-Izi8RQcffqCeNVgFigKli1ssklIbpHnCYc6AknXGYoB6grJqyeby7jv12JUQgmTAnIDnbck1uxksT4dzN3PWBA==",
        "dependencies": {}
      },
      "chai@5.1.1": {
        "integrity": "sha512-pT1ZgP8rPNqUgieVaEY+ryQr6Q4HXNg8Ei9UnLUrjN4IA7dvQC5JB+/kxVcPNDHyBcc/26CXPkbNzq3qwrOEKA==",
        "dependencies": {
          "assertion-error": "assertion-error@2.0.1",
          "check-error": "check-error@2.1.1",
          "deep-eql": "deep-eql@5.0.2",
          "loupe": "loupe@3.1.1",
          "pathval": "pathval@2.0.0"
        }
      },
      "check-error@2.1.1": {
        "integrity": "sha512-OAlb+T7V4Op9OwdkjmguYRqncdlx5JiofwOAUkmTF+jNdHwzTaTs4sRAGpzLF3oOz5xAyDGrPgeIDFQmDOTiJw==",
        "dependencies": {}
      },
      "citeproc@2.4.63": {
        "integrity": "sha512-68F95Bp4UbgZU/DBUGQn0qV3HDZLCdI9+Bb2ByrTaNJDL5VEm9LqaiNaxljsvoaExSLEXe1/r6n2Z06SCzW3/Q==",
        "dependencies": {}
      },
      "deep-eql@5.0.2": {
        "integrity": "sha512-h5k/5U50IJJFpzfL6nO9jaaumfjO/f2NjK/oYB2Djzm4p9L+3T9qWpZqZ2hAbLPuuYq9wrU08WQyBTL5GbPk5Q==",
        "dependencies": {}
      },
      "get-func-name@2.0.2": {
        "integrity": "sha512-8vXOvuE167CtIc3OyItco7N/dpRtBbYOsPsXCz7X/PMnlGjYjSGuZJgM1Y7mmew7BKf9BqvLX2tnOVy1BBUsxQ==",
        "dependencies": {}
      },
      "loupe@3.1.1": {
        "integrity": "sha512-edNu/8D5MKVfGVFRhFf8aAxiTM6Wumfz5XsaatSxlD3w4R1d/WEKUTydCdPGbl9K7QG/Ca3GnDV2sIKIpXRQcw==",
        "dependencies": {
          "get-func-name": "get-func-name@2.0.2"
        }
      },
      "pathval@2.0.0": {
        "integrity": "sha512-vE7JKRyES09KiunauX7nd2Q9/L7lhok4smP9RZTDeD4MVs72Dp2qNFVz39Nz5a0FVEW0BJR6C0DYrq6unoziZA==",
        "dependencies": {}
      }
    }
  },
  "remote": {},
  "workspace": {
    "dependencies": [
      "npm:citeproc@2"
    ]
  }
}
